
Microsoft Visual Studio Solution File, Format Version 12.00
# Visual Studio Version 16
VisualStudioVersion = 16.0.29806.167
MinimumVisualStudioVersion = 10.0.40219.1
Project("{FAE04EC0-301F-11D3-BF4B-00C04F79EFBC}") = "LongestSubstring", "LongestSubstring\LongestSubstring.csproj", "{109F70DB-0DA3-419A-86C0-1479A6DF827C}"
EndProject
Project("{2150E333-8FDC-42A3-9474-1A3956D46DE8}") = "0026 - Remove Duplicates from Sorted Array", "0026 - Remove Duplicates from Sorted Array", "{EBB760A5-2491-42E8-9528-5662C07540DF}"
EndProject
Project("{FAE04EC0-301F-11D3-BF4B-00C04F79EFBC}") = "RemoveDuplicates", "RemoveDuplicates\RemoveDuplicates.csproj", "{1147860A-DDB7-4481-944E-157468AA98D0}"
EndProject
Project("{2150E333-8FDC-42A3-9474-1A3956D46DE8}") = "0080 - Remove Duplicates from Sorted Array II", "0080 - Remove Duplicates from Sorted Array II", "{22EE035B-72C1-4B5F-98B8-DD6E669E9722}"
EndProject
Project("{FAE04EC0-301F-11D3-BF4B-00C04F79EFBC}") = "RemoveDuplicates2", "RemoveDuplicates2\RemoveDuplicates2.csproj", "{E3B31337-0966-44B9-B9E2-E3D7CAFE98FF}"
EndProject
Project("{2150E333-8FDC-42A3-9474-1A3956D46DE8}") = "0027 - Remove Element", "0027 - Remove Element", "{6197F566-EDCC-4082-8DDD-B065F2966ACE}"
EndProject
Project("{FAE04EC0-301F-11D3-BF4B-00C04F79EFBC}") = "RemoveElement", "RemoveElement\RemoveElement.csproj", "{B9E00C83-7250-4514-B4DF-7004529146C5}"
EndProject
Project("{2150E333-8FDC-42A3-9474-1A3956D46DE8}") = "0283 - Move Zeroes", "0283 - Move Zeroes", "{67188F6A-6CCB-4826-831C-6EC03520A24B}"
EndProject
Project("{FAE04EC0-301F-11D3-BF4B-00C04F79EFBC}") = "MoveZeroes", "MoveZeroes\MoveZeroes.csproj", "{96442754-E965-4D55-8926-9C6AB2CB1CA5}"
EndProject
Project("{2150E333-8FDC-42A3-9474-1A3956D46DE8}") = "0135 - Candy", "0135 - Candy", "{FF7514EA-81AB-47CF-B63A-5251A82EB390}"
EndProject
Project("{FAE04EC0-301F-11D3-BF4B-00C04F79EFBC}") = "Candy", "Candy\Candy.csproj", "{41D9ABB3-D860-4992-B64E-1774073C441F}"
EndProject
Project("{2150E333-8FDC-42A3-9474-1A3956D46DE8}") = "0042 - Trapping Rain Water", "0042 - Trapping Rain Water", "{DE260B75-F248-4377-A7F7-367F2F3FF202}"
EndProject
Project("{2150E333-8FDC-42A3-9474-1A3956D46DE8}") = "0238 - Product of Array Except Self", "0238 - Product of Array Except Self", "{27B77CDC-5EBD-46FD-9558-15EA0512D52C}"
EndProject
Project("{2150E333-8FDC-42A3-9474-1A3956D46DE8}") = "0209 - Minimum Size Subarray Sum", "0209 - Minimum Size Subarray Sum", "{A5766A0B-451F-4A35-9C1F-698813F26F33}"
EndProject
Project("{2150E333-8FDC-42A3-9474-1A3956D46DE8}") = "0146 - LRU Cache", "0146 - LRU Cache", "{32B2F416-28F7-47D2-AC85-576366248ACC}"
EndProject
Project("{FAE04EC0-301F-11D3-BF4B-00C04F79EFBC}") = "LRUCache", "LRUCache\LRUCache.csproj", "{925A63F4-82A9-458A-BFF2-66C18F3A180D}"
EndProject
Project("{2150E333-8FDC-42A3-9474-1A3956D46DE8}") = "0023 - Merge k Sorted Lists", "0023 - Merge k Sorted Lists", "{06837DED-50AF-47DC-B29C-67C6BDDF0E7C}"
EndProject
Project("{FAE04EC0-301F-11D3-BF4B-00C04F79EFBC}") = "KthLargest", "KthLargest\KthLargest.csproj", "{F76D2389-C1A8-43B3-A508-8D625728D263}"
EndProject
Project("{2150E333-8FDC-42A3-9474-1A3956D46DE8}") = "0215 - Kth Largest Element in an Array", "0215 - Kth Largest Element in an Array", "{2C7D9648-83E4-4B54-8F96-B89DEC827973}"
EndProject
Project("{FAE04EC0-301F-11D3-BF4B-00C04F79EFBC}") = "MergeKSorted", "MergeKSorted\MergeKSorted.csproj", "{B12ADD73-267E-44C5-99B4-80A1042DA7AB}"
EndProject
Project("{FAE04EC0-301F-11D3-BF4B-00C04F79EFBC}") = "MinWindowSubstring", "MinWindowSubstring\MinWindowSubstring.csproj", "{036C977F-EEFF-4573-B792-9CB65A5DEFE8}"
EndProject
Project("{2150E333-8FDC-42A3-9474-1A3956D46DE8}") = "0076 - Minimum Window Substring", "0076 - Minimum Window Substring", "{FB519494-71D2-428F-A41E-4785D89866BC}"
EndProject
Project("{2150E333-8FDC-42A3-9474-1A3956D46DE8}") = "0973 - K Closest Points to Origin", "0973 - K Closest Points to Origin", "{90954D1F-2443-4C19-B589-FD94315235D8}"
EndProject
Project("{FAE04EC0-301F-11D3-BF4B-00C04F79EFBC}") = "KClosestPoints", "KClosestPoints\KClosestPoints.csproj", "{5A9E734F-9C4D-4151-849A-C61B9F608D24}"
EndProject
Project("{FAE04EC0-301F-11D3-BF4B-00C04F79EFBC}") = "BinaryTreeSerializer", "BinaryTreeSerializer\BinaryTreeSerializer.csproj", "{92AAD5F7-253B-486E-A09E-4D70E3B97C33}"
EndProject
Project("{2150E333-8FDC-42A3-9474-1A3956D46DE8}") = "0297 - Serialize and Deserialize Binary Tree", "0297 - Serialize and Deserialize Binary Tree", "{EF1524E1-6B9D-4C24-BD62-61402386E997}"
EndProject
Project("{2150E333-8FDC-42A3-9474-1A3956D46DE8}") = "0001 - Two Sum", "0001 - Two Sum", "{C5A55768-93E7-495C-A632-348C586A45B0}"
EndProject
Project("{FAE04EC0-301F-11D3-BF4B-00C04F79EFBC}") = "TwoSum", "TwoSum\TwoSum.csproj", "{96354AE7-6F1E-4534-89F7-2BEC1C45E9C2}"
EndProject
Project("{2150E333-8FDC-42A3-9474-1A3956D46DE8}") = "0053 - Maximum Subarray", "0053 - Maximum Subarray", "{99DD39E2-A5C4-4DEE-BA34-3A1DC4DF0E3C}"
EndProject
Project("{FAE04EC0-301F-11D3-BF4B-00C04F79EFBC}") = "MaximumSubarray", "MaximumSubarray\MaximumSubarray.csproj", "{5E35E889-FFD3-43A1-889F-BEF0F0E45066}"
EndProject
Project("{2150E333-8FDC-42A3-9474-1A3956D46DE8}") = "0189 - Rotate Array", "0189 - Rotate Array", "{E5902A59-A5A3-4904-8317-48EB5D7AB671}"
EndProject
Project("{2150E333-8FDC-42A3-9474-1A3956D46DE8}") = "0958 - Check Completeness of a Binary Tree", "0958 - Check Completeness of a Binary Tree", "{3DE19D99-B406-4186-9DBA-2209E28F69D2}"
EndProject
Project("{FAE04EC0-301F-11D3-BF4B-00C04F79EFBC}") = "CompletenessOfBinaryTree", "CompletenessOfBinaryTree\CompletenessOfBinaryTree.csproj", "{CC4B3EC1-639F-4579-B73F-5EB48C84CB62}"
EndProject
Project("{FAE04EC0-301F-11D3-BF4B-00C04F79EFBC}") = "StringComparison", "StringComparison\StringComparison.csproj", "{B7C9EC60-1A3A-4C1C-BC0E-0505CAB78B1C}"
EndProject
Project("{2150E333-8FDC-42A3-9474-1A3956D46DE8}") = "0167 - Two Sum II - Input Array is Sorted", "0167 - Two Sum II - Input Array is Sorted", "{5BD7F1E5-1753-4014-B2B1-0E1C39413000}"
EndProject
Project("{FAE04EC0-301F-11D3-BF4B-00C04F79EFBC}") = "TwoSumII", "TwoSumII\TwoSumII.csproj", "{CA1F0960-A65A-47B3-A3D9-4324D373A0C0}"
EndProject
Project("{2150E333-8FDC-42A3-9474-1A3956D46DE8}") = "0170 - Two Sum III - Data structure design", "0170 - Two Sum III - Data structure design", "{B8E00F09-B688-4770-917A-CA2E230847D6}"
EndProject
Project("{FAE04EC0-301F-11D3-BF4B-00C04F79EFBC}") = "TwoSumIII", "TwoSumIII\TwoSumIII.csproj", "{DC6235EB-8240-41BB-9F2C-843D1808BD64}"
EndProject
Project("{2150E333-8FDC-42A3-9474-1A3956D46DE8}") = "0653 - Two Sum IV - Input is a BST", "0653 - Two Sum IV - Input is a BST", "{E4E9983F-3A53-4CBC-A16F-E425C249CD1E}"
EndProject
Project("{FAE04EC0-301F-11D3-BF4B-00C04F79EFBC}") = "TwoSumIV", "TwoSumIV\TwoSumIV.csproj", "{C7B91200-2ADA-4730-9C23-CC8CE7944190}"
EndProject
Project("{2150E333-8FDC-42A3-9474-1A3956D46DE8}") = "1214 - Two Sum BSTs", "1214 - Two Sum BSTs", "{9D30B591-05BD-429D-A247-CB4898466909}"
EndProject
Project("{FAE04EC0-301F-11D3-BF4B-00C04F79EFBC}") = "TwoSumBSTs", "TwoSumBSTs\TwoSumBSTs.csproj", "{0F227DCA-70EF-4D8B-89D7-E2F4B6EE03EE}"
EndProject
Project("{2150E333-8FDC-42A3-9474-1A3956D46DE8}") = "0015 - 3Sum", "0015 - 3Sum", "{83AEE33F-CEF3-4B5C-9B41-73878698F1BF}"
EndProject
Project("{FAE04EC0-301F-11D3-BF4B-00C04F79EFBC}") = "ThreeSum", "ThreeSum\ThreeSum.csproj", "{3EFF1D31-DE58-4AD1-A63D-178F5659F9F4}"
EndProject
Project("{FAE04EC0-301F-11D3-BF4B-00C04F79EFBC}") = "NumberIterator", "NumberIterator\NumberIterator.csproj", "{8A9AC56E-135D-48B0-8BDA-67CB26BDF01A}"
EndProject
Project("{2150E333-8FDC-42A3-9474-1A3956D46DE8}") = "0173 - Binary Search Tree Iterator", "0173 - Binary Search Tree Iterator", "{97EB16D3-2CF4-49D8-A706-8ED3F796F42A}"
EndProject
Project("{FAE04EC0-301F-11D3-BF4B-00C04F79EFBC}") = "MinSizeSubArraySum", "MinSizeSubArraySum\MinSizeSubArraySum.csproj", "{B116FD63-A4B1-4AEA-9D5D-3916B5452B26}"
EndProject
Project("{2150E333-8FDC-42A3-9474-1A3956D46DE8}") = "0011 - Container With Most Water", "0011 - Container With Most Water", "{29AF216E-E5DB-4956-A239-F465FBDF15B6}"
EndProject
Project("{FAE04EC0-301F-11D3-BF4B-00C04F79EFBC}") = "ContainerWithMostWater", "ContainerWithMostWater\ContainerWithMostWater.csproj", "{4D361427-2905-42B7-BB44-9C72CF6D9BF3}"
EndProject
Project("{2150E333-8FDC-42A3-9474-1A3956D46DE8}") = "0243 - Shortest Word Distance", "0243 - Shortest Word Distance", "{390C1AEC-3860-4BCD-93E5-6931BD125F4A}"
EndProject
Project("{FAE04EC0-301F-11D3-BF4B-00C04F79EFBC}") = "ShortestWordDistance", "ShortestWordDistance\ShortestWordDistance.csproj", "{95E35DC0-2A61-4657-A2C4-C1BF47FCBFF5}"
EndProject
Project("{2150E333-8FDC-42A3-9474-1A3956D46DE8}") = "0244 - Shortest Word Distance II", "0244 - Shortest Word Distance II", "{83D7A569-B937-4CF9-A6FC-8F5A173381BC}"
EndProject
Project("{FAE04EC0-301F-11D3-BF4B-00C04F79EFBC}") = "ShortestWordDistanceII", "ShortestWordDistanceII\ShortestWordDistanceII.csproj", "{B0B7C629-8FD7-4D50-9E11-5A756DFB7652}"
EndProject
Project("{2150E333-8FDC-42A3-9474-1A3956D46DE8}") = "0150 - Evaluate Reverse Polish Notation", "0150 - Evaluate Reverse Polish Notation", "{711F7C98-4AFA-4CF5-9F7F-C8BF8253C49C}"
EndProject
Project("{FAE04EC0-301F-11D3-BF4B-00C04F79EFBC}") = "EvaluateReversePolishNotation", "EvaluateReversePolishNotation\EvaluateReversePolishNotation.csproj", "{0DC85427-E0F5-43C2-B38F-20AF802203F9}"
EndProject
Project("{FAE04EC0-301F-11D3-BF4B-00C04F79EFBC}") = "CheatSheet", "CheatSheet\CheatSheet.csproj", "{AE4DF020-6699-4A76-9E58-AAB5D54049DE}"
EndProject
Project("{2150E333-8FDC-42A3-9474-1A3956D46DE8}") = "0020 - Valid Parentheses", "0020 - Valid Parentheses", "{031A357F-2B67-496F-92FD-26E84E98A3C5}"
EndProject
Project("{FAE04EC0-301F-11D3-BF4B-00C04F79EFBC}") = "ParenthesesValidator", "ParenthesesValidator\ParenthesesValidator.csproj", "{126B3CB5-73E4-490A-88D3-09EE9C60C9EB}"
EndProject
Project("{FAE04EC0-301F-11D3-BF4B-00C04F79EFBC}") = "LongestValidParentheses", "LongestValidParentheses\LongestValidParentheses.csproj", "{3F5263F0-76A9-4203-996E-88137447B7A2}"
EndProject
Project("{2150E333-8FDC-42A3-9474-1A3956D46DE8}") = "0032 - Longest Valid Parentheses", "0032 - Longest Valid Parentheses", "{E8AE9A36-A008-4438-9777-DF2FC50BAD31}"
EndProject
Project("{2150E333-8FDC-42A3-9474-1A3956D46DE8}") = "0125 - Valid Palindrome", "0125 - Valid Palindrome", "{A0534700-B89C-410B-B4BE-61164B44F0C0}"
EndProject
Project("{FAE04EC0-301F-11D3-BF4B-00C04F79EFBC}") = "ValidPalindrome", "ValidPalindrome\ValidPalindrome.csproj", "{CCFC97B9-7D91-4E18-8841-686FDF11F010}"
EndProject
Project("{2150E333-8FDC-42A3-9474-1A3956D46DE8}") = "0155 - Min Stack", "0155 - Min Stack", "{CA4B2E04-9F02-48BA-84D8-67FBEF5D34B2}"
EndProject
Project("{FAE04EC0-301F-11D3-BF4B-00C04F79EFBC}") = "MinStack", "MinStack\MinStack.csproj", "{28486ADF-FD33-49DE-8411-CDA6F36FECB9}"
EndProject
Project("{2150E333-8FDC-42A3-9474-1A3956D46DE8}") = "0716 - Max Stack", "0716 - Max Stack", "{A52C52DE-D235-4BAB-AC59-117F1AEF1DAE}"
EndProject
Project("{2150E333-8FDC-42A3-9474-1A3956D46DE8}") = "0084 - Largest Rectangle in Histogram", "0084 - Largest Rectangle in Histogram", "{157B3791-3DEC-4C4E-BCF8-F9CD7B8523DC}"
EndProject
Project("{FAE04EC0-301F-11D3-BF4B-00C04F79EFBC}") = "LargestRectangleInHistogram", "LargestRectangleInHistogram\LargestRectangleInHistogram.csproj", "{3251E51F-1C6E-44B8-9EF3-D4FDEC4B0EA8}"
EndProject
Project("{2150E333-8FDC-42A3-9474-1A3956D46DE8}") = "0242 - Valid Anagram", "0242 - Valid Anagram", "{597F41C2-221B-4815-8D91-35592121B2B8}"
EndProject
Project("{FAE04EC0-301F-11D3-BF4B-00C04F79EFBC}") = "ValidAnagram", "ValidAnagram\ValidAnagram.csproj", "{FA615283-007D-4E90-AB10-6132A5E79EDD}"
EndProject
Project("{2150E333-8FDC-42A3-9474-1A3956D46DE8}") = "0249 - Group Shifted Strings", "0249 - Group Shifted Strings", "{01DC9683-2154-462C-89F3-34D84CD6262D}"
EndProject
Project("{FAE04EC0-301F-11D3-BF4B-00C04F79EFBC}") = "GroupShiftedStrings", "GroupShiftedStrings\GroupShiftedStrings.csproj", "{1A662E7D-986F-4A8F-A0ED-807A4C139816}"
EndProject
Project("{2150E333-8FDC-42A3-9474-1A3956D46DE8}") = "0336 - Palindrome Pairs", "0336 - Palindrome Pairs", "{384B8975-0518-4DF7-9F55-87F117AF42AB}"
EndProject
Project("{FAE04EC0-301F-11D3-BF4B-00C04F79EFBC}") = "PalindromePairs", "PalindromePairs\PalindromePairs.csproj", "{349435E2-DE07-4757-83A7-F8A21F237760}"
EndProject
Project("{2150E333-8FDC-42A3-9474-1A3956D46DE8}") = "0380 - Insert Delete GetRandom O(1)", "0380 - Insert Delete GetRandom O(1)", "{66FEA6BD-1283-4B13-B601-C78122F57E93}"
EndProject
Project("{FAE04EC0-301F-11D3-BF4B-00C04F79EFBC}") = "InsertDeleteGetRandom", "InsertDeleteGetRandom\InsertDeleteGetRandom.csproj", "{175EAF39-F0E9-412F-B731-36EA9A704AB7}"
EndProject
Project("{2150E333-8FDC-42A3-9474-1A3956D46DE8}") = "0003 - Longest Substring Without Repeating Characters", "0003 - Longest Substring Without Repeating Characters", "{A426B084-BE2A-434E-9ECB-A5DD7C6F51FE}"
EndProject
Project("{FAE04EC0-301F-11D3-BF4B-00C04F79EFBC}") = "LongestSubstringWithoutRepeatingChars", "LongestSubstringWithoutRepeatingChars\LongestSubstringWithoutRepeatingChars.csproj", "{CA691EBC-6462-4054-917D-9C8A683EEC85}"
EndProject
Project("{2150E333-8FDC-42A3-9474-1A3956D46DE8}") = "0056 - Merge Intervals", "0056 - Merge Intervals", "{123C8F30-4FA9-4179-A2DE-9CCADA8755ED}"
EndProject
Project("{FAE04EC0-301F-11D3-BF4B-00C04F79EFBC}") = "MergeIntervals", "MergeIntervals\MergeIntervals.csproj", "{B654D339-8670-4653-B468-EC2D601BA2BB}"
EndProject
Project("{FAE04EC0-301F-11D3-BF4B-00C04F79EFBC}") = "IntegerToEnglishWords", "IntegerToEnglishWords\IntegerToEnglishWords.csproj", "{E310186B-6580-4115-B19A-04550561579B}"
EndProject
Project("{2150E333-8FDC-42A3-9474-1A3956D46DE8}") = "0273 - Integer to English Words", "0273 - Integer to English Words", "{3693B4EF-5C22-48B8-AC14-6E596B34F0D9}"
EndProject
Project("{FAE04EC0-301F-11D3-BF4B-00C04F79EFBC}") = "KClosestPointsToOrigin", "KClosestPointsToOrigin\KClosestPointsToOrigin.csproj", "{320EC934-3C89-4A76-A95D-916785C86062}"
EndProject
Project("{FAE04EC0-301F-11D3-BF4B-00C04F79EFBC}") = "BinarySearchTreeIterator", "BinarySearchTreeIterator\BinarySearchTreeIterator.csproj", "{2C82D3F0-4EEB-4621-938F-696949D67642}"
EndProject
Project("{2150E333-8FDC-42A3-9474-1A3956D46DE8}") = "0426 - Convert Binary Search Tree to Sorted Doubly Linked List", "0426 - Convert Binary Search Tree to Sorted Doubly Linked List", "{09E7D4DA-0F62-42D5-956E-CE12A504D3F1}"
EndProject
Project("{FAE04EC0-301F-11D3-BF4B-00C04F79EFBC}") = "BinarySearchTreeToDoublyList", "BinarySearchTreeToDoublyList\BinarySearchTreeToDoublyList.csproj", "{8F556AEF-8D27-4C01-87F8-8960C9B5BF99}"
EndProject
Project("{2150E333-8FDC-42A3-9474-1A3956D46DE8}") = "0108 - Convert Sorted Array to Binary Search Tree", "0108 - Convert Sorted Array to Binary Search Tree", "{651A78CA-EFDF-462F-9D9A-7C567CEB024E}"
EndProject
Project("{FAE04EC0-301F-11D3-BF4B-00C04F79EFBC}") = "SortedArrayToBinarySearchTree", "SortedArrayToBinarySearchTree\SortedArrayToBinarySearchTree.csproj", "{C1B2E5C2-9FDD-4E40-AAAF-DE39E8F42D8D}"
EndProject
Project("{2150E333-8FDC-42A3-9474-1A3956D46DE8}") = "0199 - Binary Tree Right Side View", "0199 - Binary Tree Right Side View", "{07BB8C96-4108-470D-AB3D-8CA1208D54F6}"
EndProject
Project("{FAE04EC0-301F-11D3-BF4B-00C04F79EFBC}") = "BinaryTreeRightSideView", "BinaryTreeRightSideView\BinaryTreeRightSideView.csproj", "{1A580F2D-BDF5-4DA8-9DEF-201749791DC1}"
EndProject
Project("{2150E333-8FDC-42A3-9474-1A3956D46DE8}") = "0498 - Diagonal Traverse", "0498 - Diagonal Traverse", "{0F2FF890-DC05-4928-9504-4C8B9BCFF97A}"
EndProject
Project("{FAE04EC0-301F-11D3-BF4B-00C04F79EFBC}") = "DiagonalTraverse", "DiagonalTraverse\DiagonalTraverse.csproj", "{3181097B-4B57-4073-B05D-85D5E6F36BDC}"
EndProject
Project("{FAE04EC0-301F-11D3-BF4B-00C04F79EFBC}") = "FirstMissingPositive", "FirstMissingPositive\FirstMissingPositive.csproj", "{969E043B-20E5-458F-8FDD-408010E624E9}"
EndProject
Project("{2150E333-8FDC-42A3-9474-1A3956D46DE8}") = "0041 - First Missing Positive", "0041 - First Missing Positive", "{75F3576D-7666-467B-B729-04121556674F}"
EndProject
Project("{FAE04EC0-301F-11D3-BF4B-00C04F79EFBC}") = "BinarySearch", "BinarySearch\BinarySearch.csproj", "{F04E0444-5613-466E-8413-CC5C3C3CF161}"
EndProject
Project("{2150E333-8FDC-42A3-9474-1A3956D46DE8}") = "0033 - Search in Rotated Sorted Array", "0033 - Search in Rotated Sorted Array", "{125A61B0-836B-4E6A-9D61-888EC7321166}"
EndProject
Project("{FAE04EC0-301F-11D3-BF4B-00C04F79EFBC}") = "SearchInRotatedSortedArray", "SearchInRotatedSortedArray\SearchInRotatedSortedArray.csproj", "{7A2DFCD2-A8CD-4B1A-ADB8-C9F38E6F9FD6}"
EndProject
Project("{2150E333-8FDC-42A3-9474-1A3956D46DE8}") = "0560 - Subarray Sum Equals K", "0560 - Subarray Sum Equals K", "{143CA37F-5FC1-4A09-8C0B-5A6E8FB4E63B}"
EndProject
Project("{FAE04EC0-301F-11D3-BF4B-00C04F79EFBC}") = "SubarraySumEqualsK", "SubarraySumEqualsK\SubarraySumEqualsK.csproj", "{5B5F46E8-4070-478D-8795-12F1703319F6}"
EndProject
Project("{2150E333-8FDC-42A3-9474-1A3956D46DE8}") = "0415 - Add Strings", "0415 - Add Strings", "{6107F16F-48A0-40A6-B1B3-B8DF8FDBC19E}"
EndProject
Project("{FAE04EC0-301F-11D3-BF4B-00C04F79EFBC}") = "AddStrings", "AddStrings\AddStrings.csproj", "{F7186F4F-E26A-440C-8442-F817519ED3D7}"
EndProject
Project("{2150E333-8FDC-42A3-9474-1A3956D46DE8}") = "0031 - Next Permutation", "0031 - Next Permutation", "{BE6D495C-3D3D-4D0C-9A18-61B55AC6C911}"
EndProject
Project("{FAE04EC0-301F-11D3-BF4B-00C04F79EFBC}") = "NextPermutation", "NextPermutation\NextPermutation.csproj", "{6E622CDE-97F7-44EB-9CA6-FF767C275F1E}"
EndProject
Project("{2150E333-8FDC-42A3-9474-1A3956D46DE8}") = "0621 - Task Scheduler", "0621 - Task Scheduler", "{165C254F-A32C-4E27-885F-636D2782AF6A}"
EndProject
Project("{FAE04EC0-301F-11D3-BF4B-00C04F79EFBC}") = "TaskScheduler", "TaskScheduler\TaskScheduler.csproj", "{66E7797D-CA9A-4EC1-A8CC-AA1A1A86F4CA}"
EndProject
Project("{2150E333-8FDC-42A3-9474-1A3956D46DE8}") = "0211 - Add and Search Word - Data Structure Design", "0211 - Add and Search Word - Data Structure Design", "{8FF3EA19-B713-4665-818E-694D8299D4FD}"
EndProject
Project("{FAE04EC0-301F-11D3-BF4B-00C04F79EFBC}") = "AddAndSearchWord", "AddAndSearchWord\AddAndSearchWord.csproj", "{88EF925B-E215-4EAE-8370-933F295799D5}"
EndProject
Project("{FAE04EC0-301F-11D3-BF4B-00C04F79EFBC}") = "MinimumWindowSubstring", "MinimumWindowSubstring\MinimumWindowSubstring.csproj", "{26464AF8-50F9-4A6B-A03E-402DF74B070A}"
EndProject
Project("{2150E333-8FDC-42A3-9474-1A3956D46DE8}") = "0636 - Exclusive Time of Functions", "0636 - Exclusive Time of Functions", "{C1E4661E-CE5E-4F05-862D-E8CB6FC2F56C}"
EndProject
Project("{FAE04EC0-301F-11D3-BF4B-00C04F79EFBC}") = "ExclusiveTimeOfFunctions", "ExclusiveTimeOfFunctions\ExclusiveTimeOfFunctions.csproj", "{288CF2B9-14B5-4CA6-A954-BBE49D82E78B}"
EndProject
Project("{2150E333-8FDC-42A3-9474-1A3956D46DE8}") = "0133 - Clone Graph", "0133 - Clone Graph", "{22756AA0-AFA1-4DEF-8290-CEA084F032F8}"
EndProject
Project("{FAE04EC0-301F-11D3-BF4B-00C04F79EFBC}") = "CloneGraph", "CloneGraph\CloneGraph.csproj", "{BC53EE45-A203-4A90-A777-5927CB7C5093}"
EndProject
Project("{2150E333-8FDC-42A3-9474-1A3956D46DE8}") = "0043 - Multiply Strings", "0043 - Multiply Strings", "{9E2514AE-43A2-4FE8-B462-0B44EADF07BC}"
EndProject
Project("{FAE04EC0-301F-11D3-BF4B-00C04F79EFBC}") = "MultiplyStrings", "MultiplyStrings\MultiplyStrings.csproj", "{E51E26B9-F4D3-4EBA-ABEA-DF6B2E05F52E}"
EndProject
Project("{2150E333-8FDC-42A3-9474-1A3956D46DE8}") = "Basic Calculator II", "Basic Calculator II", "{41A6329F-8DF7-4FD2-B0AA-D6FD1D6ED426}"
EndProject
Project("{FAE04EC0-301F-11D3-BF4B-00C04F79EFBC}") = "BasicCalculatorII", "BasicCalculatorII\BasicCalculatorII.csproj", "{ABAC1F86-088D-4FC0-BEB1-686725EFE307}"
EndProject
Project("{2150E333-8FDC-42A3-9474-1A3956D46DE8}") = "1026 - Maximum Difference Between Node and Ancestor", "1026 - Maximum Difference Between Node and Ancestor", "{EC9F5F27-69C1-435F-BE66-6832A41BAF79}"
EndProject
Project("{FAE04EC0-301F-11D3-BF4B-00C04F79EFBC}") = "MaxDifferenceNodeAndAncestor", "MaxDifferenceNodeAndAncestor\MaxDifferenceNodeAndAncestor.csproj", "{F0DEA695-F80E-4BF2-B9C3-63A7ED92C357}"
EndProject
Project("{2150E333-8FDC-42A3-9474-1A3956D46DE8}") = "0670 - Maximum Swap", "0670 - Maximum Swap", "{17F78910-F419-4440-BB80-6C692A1126F8}"
EndProject
Project("{FAE04EC0-301F-11D3-BF4B-00C04F79EFBC}") = "MaximumSwap", "MaximumSwap\MaximumSwap.csproj", "{49A5E8EF-B0BF-4D0E-A77B-8F119CA5FDBD}"
EndProject
Project("{2150E333-8FDC-42A3-9474-1A3956D46DE8}") = "0247 - Strobogrammatic Number II", "0247 - Strobogrammatic Number II", "{9C7BE93A-125C-4C6A-994E-FE932515A245}"
EndProject
Project("{FAE04EC0-301F-11D3-BF4B-00C04F79EFBC}") = "StrobogrammaticNumberII", "StrobogrammaticNumberII\StrobogrammaticNumberII.csproj", "{A5529E17-D7D5-4CBD-A15D-36B1A0DFBECF}"
EndProject
Project("{2150E333-8FDC-42A3-9474-1A3956D46DE8}") = "0098 - Validate Binary Search Tree", "0098 - Validate Binary Search Tree", "{A34FBB17-6E31-436A-B6C6-F547334409A0}"
EndProject
Project("{FAE04EC0-301F-11D3-BF4B-00C04F79EFBC}") = "ValidateBinarySearchTree", "ValidateBinarySearchTree\ValidateBinarySearchTree.csproj", "{528741C7-5A57-46A7-BAF1-C7F0296A55A7}"
EndProject
Project("{2150E333-8FDC-42A3-9474-1A3956D46DE8}") = "0304 - Range Sum Query 2D - Immutable", "0304 - Range Sum Query 2D - Immutable", "{58BD50C8-A006-4BA5-99E7-DAB304704320}"
EndProject
Project("{FAE04EC0-301F-11D3-BF4B-00C04F79EFBC}") = "RangeSumQuery2DImmutable", "RangeSumQuery2DImmutable\RangeSumQuery2DImmutable.csproj", "{C7A6C205-E02F-4D6B-B7E8-DFF4C2EB4885}"
EndProject
Project("{2150E333-8FDC-42A3-9474-1A3956D46DE8}") = "0543 - Diameter of Binary Tree", "0543 - Diameter of Binary Tree", "{F27DF7E3-2C04-4773-A03B-CC5E440F9400}"
EndProject
Project("{FAE04EC0-301F-11D3-BF4B-00C04F79EFBC}") = "DiameterOfBinaryTree", "DiameterOfBinaryTree\DiameterOfBinaryTree.csproj", "{BBC4D549-6B19-4A11-863D-B3B4A67B6FFF}"
EndProject
Project("{FAE04EC0-301F-11D3-BF4B-00C04F79EFBC}") = "TrappingRainWater", "TrappingRainWater\TrappingRainWater.csproj", "{5090163A-B91D-449A-9215-C56177250875}"
EndProject
Project("{2150E333-8FDC-42A3-9474-1A3956D46DE8}") = "1004 - Max Consecutive Ones III", "1004 - Max Consecutive Ones III", "{2230217C-0220-4B3A-B7E6-828ABA4D7C8F}"
EndProject
Project("{FAE04EC0-301F-11D3-BF4B-00C04F79EFBC}") = "MaxConsecutiveOnesIII", "MaxConsecutiveOnesIII\MaxConsecutiveOnesIII.csproj", "{7691B70A-DEEF-4C7B-905C-776E340BB31B}"
EndProject
Project("{2150E333-8FDC-42A3-9474-1A3956D46DE8}") = "0825 - Friends Of Appropriate Ages", "0825 - Friends Of Appropriate Ages", "{2CA3FFBE-F3E9-433D-99DD-BEA43481B321}"
EndProject
Project("{FAE04EC0-301F-11D3-BF4B-00C04F79EFBC}") = "FriendsOfAppropriateAges", "FriendsOfAppropriateAges\FriendsOfAppropriateAges.csproj", "{2A2995EB-0DED-420C-8EE6-E41F54212391}"
EndProject
Project("{2150E333-8FDC-42A3-9474-1A3956D46DE8}") = "0865 - Smallest Subtree with all the Deepest Nodes", "0865 - Smallest Subtree with all the Deepest Nodes", "{15F410A1-9BA9-4584-BD8E-DFF41AEAAB06}"
EndProject
Project("{FAE04EC0-301F-11D3-BF4B-00C04F79EFBC}") = "SmallestSubtreeDeepestNodes", "SmallestSubtreeDeepestNodes\SmallestSubtreeDeepestNodes.csproj", "{E56F81DD-74D0-46AE-AC70-156B92C21C7E}"
EndProject
Project("{2150E333-8FDC-42A3-9474-1A3956D46DE8}") = "0252 - Meeting Rooms", "0252 - Meeting Rooms", "{0CE1D9E1-164F-48D3-ACDE-7529993A4920}"
EndProject
Project("{FAE04EC0-301F-11D3-BF4B-00C04F79EFBC}") = "MeetingRooms", "MeetingRooms\MeetingRooms.csproj", "{118D081C-B022-4CCB-81AA-5A42DFD663AD}"
EndProject
Project("{2150E333-8FDC-42A3-9474-1A3956D46DE8}") = "0253 - Meeting Rooms II", "0253 - Meeting Rooms II", "{31420B82-4D3F-4656-91D8-F3B50F536ECA}"
EndProject
Project("{FAE04EC0-301F-11D3-BF4B-00C04F79EFBC}") = "MeetingRoomsII", "MeetingRoomsII\MeetingRoomsII.csproj", "{0814DF64-D6DE-4BB4-98B2-15D31ECFE668}"
EndProject
Project("{2150E333-8FDC-42A3-9474-1A3956D46DE8}") = "0839 - Similar String Groups", "0839 - Similar String Groups", "{B9C8BB4C-DE8F-4F08-9862-92D91635AE33}"
EndProject
Project("{FAE04EC0-301F-11D3-BF4B-00C04F79EFBC}") = "SimilarStringGroups", "SimilarStringGroups\SimilarStringGroups.csproj", "{E7B04FB6-4B1F-45D4-B9D0-F91C2085EA45}"
EndProject
Project("{2150E333-8FDC-42A3-9474-1A3956D46DE8}") = "0246 - Strobogrammatic Number", "0246 - Strobogrammatic Number", "{9F6B43D0-4BF4-41BA-93E1-A4E2B83FEF8D}"
EndProject
Project("{FAE04EC0-301F-11D3-BF4B-00C04F79EFBC}") = "StrobogrammaticNumber", "StrobogrammaticNumber\StrobogrammaticNumber.csproj", "{109D0299-898F-491A-BAE3-089A38147FC7}"
EndProject
Project("{2150E333-8FDC-42A3-9474-1A3956D46DE8}") = "0138 - Copy List with Random Pointer", "0138 - Copy List with Random Pointer", "{9502E1B5-2E27-40D2-A215-B452E75CE127}"
EndProject
Project("{FAE04EC0-301F-11D3-BF4B-00C04F79EFBC}") = "CopyListWithRandomPointer", "CopyListWithRandomPointer\CopyListWithRandomPointer.csproj", "{0BC02B76-6FFF-4078-8EE7-40014BBEFBC3}"
EndProject
Project("{2150E333-8FDC-42A3-9474-1A3956D46DE8}") = "0463 - Island Perimeter", "0463 - Island Perimeter", "{6F0190C6-4FAA-490D-AFB0-D8EB452F679B}"
EndProject
Project("{FAE04EC0-301F-11D3-BF4B-00C04F79EFBC}") = "IslandPerimeter", "IslandPerimeter\IslandPerimeter.csproj", "{08A3DA7E-2859-43F8-9B92-033B101C7F3B}"
EndProject
Project("{2150E333-8FDC-42A3-9474-1A3956D46DE8}") = "0348 - Design Tic-Tac-Toe", "0348 - Design Tic-Tac-Toe", "{7930585A-C4E2-4407-83E5-80F20CDAC8FE}"
EndProject
Project("{FAE04EC0-301F-11D3-BF4B-00C04F79EFBC}") = "DesignTic-Tac-Toe", "DesignTic-Tac-Toe\DesignTic-Tac-Toe.csproj", "{0A97E6E7-2B6D-4287-A0A5-B17191CE2098}"
EndProject
Project("{2150E333-8FDC-42A3-9474-1A3956D46DE8}") = "0529 - Minesweeper", "0529 - Minesweeper", "{71F78A62-3F6C-4DDB-8477-5B17EF0E8170}"
EndProject
Project("{FAE04EC0-301F-11D3-BF4B-00C04F79EFBC}") = "Minesweeper", "Minesweeper\Minesweeper.csproj", "{BF924C37-6688-4D36-9935-F22FE35C1E33}"
EndProject
Project("{2150E333-8FDC-42A3-9474-1A3956D46DE8}") = "0647 - Palindromic Substrings", "0647 - Palindromic Substrings", "{26D53270-1446-4F9A-A608-95D8BE97DE8C}"
EndProject
Project("{FAE04EC0-301F-11D3-BF4B-00C04F79EFBC}") = "PalindromicSubstrings", "PalindromicSubstrings\PalindromicSubstrings.csproj", "{898B917A-6551-4A98-B459-7D07451C0C03}"
EndProject
Project("{2150E333-8FDC-42A3-9474-1A3956D46DE8}") = "0240 - Search a 2D Matrix II", "0240 - Search a 2D Matrix II", "{DDA4AA31-3EF8-46E8-A644-8AE017579D97}"
EndProject
Project("{FAE04EC0-301F-11D3-BF4B-00C04F79EFBC}") = "SearchA2DMatrixII", "SearchA2DMatrixII\SearchA2DMatrixII.csproj", "{5EDF82CC-A09A-44B0-8276-6635390FB402}"
EndProject
Project("{2150E333-8FDC-42A3-9474-1A3956D46DE8}") = "0002 - Add Two Numbers", "0002 - Add Two Numbers", "{3670B0F2-662E-40D0-B219-7A0E42E68552}"
EndProject
Project("{FAE04EC0-301F-11D3-BF4B-00C04F79EFBC}") = "AddTwoNumbers", "AddTwoNumbers\AddTwoNumbers.csproj", "{815B0237-BBF3-4A2D-BC91-8BE4A1EA14CA}"
EndProject
Global
	GlobalSection(SolutionConfigurationPlatforms) = preSolution
		Debug|Any CPU = Debug|Any CPU
		Release|Any CPU = Release|Any CPU
	EndGlobalSection
	GlobalSection(ProjectConfigurationPlatforms) = postSolution
		{109F70DB-0DA3-419A-86C0-1479A6DF827C}.Debug|Any CPU.ActiveCfg = Debug|Any CPU
		{109F70DB-0DA3-419A-86C0-1479A6DF827C}.Debug|Any CPU.Build.0 = Debug|Any CPU
		{109F70DB-0DA3-419A-86C0-1479A6DF827C}.Release|Any CPU.ActiveCfg = Release|Any CPU
		{109F70DB-0DA3-419A-86C0-1479A6DF827C}.Release|Any CPU.Build.0 = Release|Any CPU
		{1147860A-DDB7-4481-944E-157468AA98D0}.Debug|Any CPU.ActiveCfg = Debug|Any CPU
		{1147860A-DDB7-4481-944E-157468AA98D0}.Debug|Any CPU.Build.0 = Debug|Any CPU
		{1147860A-DDB7-4481-944E-157468AA98D0}.Release|Any CPU.ActiveCfg = Release|Any CPU
		{1147860A-DDB7-4481-944E-157468AA98D0}.Release|Any CPU.Build.0 = Release|Any CPU
		{E3B31337-0966-44B9-B9E2-E3D7CAFE98FF}.Debug|Any CPU.ActiveCfg = Debug|Any CPU
		{E3B31337-0966-44B9-B9E2-E3D7CAFE98FF}.Debug|Any CPU.Build.0 = Debug|Any CPU
		{E3B31337-0966-44B9-B9E2-E3D7CAFE98FF}.Release|Any CPU.ActiveCfg = Release|Any CPU
		{E3B31337-0966-44B9-B9E2-E3D7CAFE98FF}.Release|Any CPU.Build.0 = Release|Any CPU
		{B9E00C83-7250-4514-B4DF-7004529146C5}.Debug|Any CPU.ActiveCfg = Debug|Any CPU
		{B9E00C83-7250-4514-B4DF-7004529146C5}.Debug|Any CPU.Build.0 = Debug|Any CPU
		{B9E00C83-7250-4514-B4DF-7004529146C5}.Release|Any CPU.ActiveCfg = Release|Any CPU
		{B9E00C83-7250-4514-B4DF-7004529146C5}.Release|Any CPU.Build.0 = Release|Any CPU
		{96442754-E965-4D55-8926-9C6AB2CB1CA5}.Debug|Any CPU.ActiveCfg = Debug|Any CPU
		{96442754-E965-4D55-8926-9C6AB2CB1CA5}.Debug|Any CPU.Build.0 = Debug|Any CPU
		{96442754-E965-4D55-8926-9C6AB2CB1CA5}.Release|Any CPU.ActiveCfg = Release|Any CPU
		{96442754-E965-4D55-8926-9C6AB2CB1CA5}.Release|Any CPU.Build.0 = Release|Any CPU
		{41D9ABB3-D860-4992-B64E-1774073C441F}.Debug|Any CPU.ActiveCfg = Debug|Any CPU
		{41D9ABB3-D860-4992-B64E-1774073C441F}.Debug|Any CPU.Build.0 = Debug|Any CPU
		{41D9ABB3-D860-4992-B64E-1774073C441F}.Release|Any CPU.ActiveCfg = Release|Any CPU
		{41D9ABB3-D860-4992-B64E-1774073C441F}.Release|Any CPU.Build.0 = Release|Any CPU
		{925A63F4-82A9-458A-BFF2-66C18F3A180D}.Debug|Any CPU.ActiveCfg = Debug|Any CPU
		{925A63F4-82A9-458A-BFF2-66C18F3A180D}.Debug|Any CPU.Build.0 = Debug|Any CPU
		{925A63F4-82A9-458A-BFF2-66C18F3A180D}.Release|Any CPU.ActiveCfg = Release|Any CPU
		{925A63F4-82A9-458A-BFF2-66C18F3A180D}.Release|Any CPU.Build.0 = Release|Any CPU
		{F76D2389-C1A8-43B3-A508-8D625728D263}.Debug|Any CPU.ActiveCfg = Debug|Any CPU
		{F76D2389-C1A8-43B3-A508-8D625728D263}.Debug|Any CPU.Build.0 = Debug|Any CPU
		{F76D2389-C1A8-43B3-A508-8D625728D263}.Release|Any CPU.ActiveCfg = Release|Any CPU
		{F76D2389-C1A8-43B3-A508-8D625728D263}.Release|Any CPU.Build.0 = Release|Any CPU
		{B12ADD73-267E-44C5-99B4-80A1042DA7AB}.Debug|Any CPU.ActiveCfg = Debug|Any CPU
		{B12ADD73-267E-44C5-99B4-80A1042DA7AB}.Debug|Any CPU.Build.0 = Debug|Any CPU
		{B12ADD73-267E-44C5-99B4-80A1042DA7AB}.Release|Any CPU.ActiveCfg = Release|Any CPU
		{B12ADD73-267E-44C5-99B4-80A1042DA7AB}.Release|Any CPU.Build.0 = Release|Any CPU
		{036C977F-EEFF-4573-B792-9CB65A5DEFE8}.Debug|Any CPU.ActiveCfg = Debug|Any CPU
		{036C977F-EEFF-4573-B792-9CB65A5DEFE8}.Debug|Any CPU.Build.0 = Debug|Any CPU
		{036C977F-EEFF-4573-B792-9CB65A5DEFE8}.Release|Any CPU.ActiveCfg = Release|Any CPU
		{036C977F-EEFF-4573-B792-9CB65A5DEFE8}.Release|Any CPU.Build.0 = Release|Any CPU
		{5A9E734F-9C4D-4151-849A-C61B9F608D24}.Debug|Any CPU.ActiveCfg = Debug|Any CPU
		{5A9E734F-9C4D-4151-849A-C61B9F608D24}.Debug|Any CPU.Build.0 = Debug|Any CPU
		{5A9E734F-9C4D-4151-849A-C61B9F608D24}.Release|Any CPU.ActiveCfg = Release|Any CPU
		{5A9E734F-9C4D-4151-849A-C61B9F608D24}.Release|Any CPU.Build.0 = Release|Any CPU
		{92AAD5F7-253B-486E-A09E-4D70E3B97C33}.Debug|Any CPU.ActiveCfg = Debug|Any CPU
		{92AAD5F7-253B-486E-A09E-4D70E3B97C33}.Debug|Any CPU.Build.0 = Debug|Any CPU
		{92AAD5F7-253B-486E-A09E-4D70E3B97C33}.Release|Any CPU.ActiveCfg = Release|Any CPU
		{92AAD5F7-253B-486E-A09E-4D70E3B97C33}.Release|Any CPU.Build.0 = Release|Any CPU
		{96354AE7-6F1E-4534-89F7-2BEC1C45E9C2}.Debug|Any CPU.ActiveCfg = Debug|Any CPU
		{96354AE7-6F1E-4534-89F7-2BEC1C45E9C2}.Debug|Any CPU.Build.0 = Debug|Any CPU
		{96354AE7-6F1E-4534-89F7-2BEC1C45E9C2}.Release|Any CPU.ActiveCfg = Release|Any CPU
		{96354AE7-6F1E-4534-89F7-2BEC1C45E9C2}.Release|Any CPU.Build.0 = Release|Any CPU
		{5E35E889-FFD3-43A1-889F-BEF0F0E45066}.Debug|Any CPU.ActiveCfg = Debug|Any CPU
		{5E35E889-FFD3-43A1-889F-BEF0F0E45066}.Debug|Any CPU.Build.0 = Debug|Any CPU
		{5E35E889-FFD3-43A1-889F-BEF0F0E45066}.Release|Any CPU.ActiveCfg = Release|Any CPU
		{5E35E889-FFD3-43A1-889F-BEF0F0E45066}.Release|Any CPU.Build.0 = Release|Any CPU
		{CC4B3EC1-639F-4579-B73F-5EB48C84CB62}.Debug|Any CPU.ActiveCfg = Debug|Any CPU
		{CC4B3EC1-639F-4579-B73F-5EB48C84CB62}.Debug|Any CPU.Build.0 = Debug|Any CPU
		{CC4B3EC1-639F-4579-B73F-5EB48C84CB62}.Release|Any CPU.ActiveCfg = Release|Any CPU
		{CC4B3EC1-639F-4579-B73F-5EB48C84CB62}.Release|Any CPU.Build.0 = Release|Any CPU
		{B7C9EC60-1A3A-4C1C-BC0E-0505CAB78B1C}.Debug|Any CPU.ActiveCfg = Debug|Any CPU
		{B7C9EC60-1A3A-4C1C-BC0E-0505CAB78B1C}.Debug|Any CPU.Build.0 = Debug|Any CPU
		{B7C9EC60-1A3A-4C1C-BC0E-0505CAB78B1C}.Release|Any CPU.ActiveCfg = Release|Any CPU
		{B7C9EC60-1A3A-4C1C-BC0E-0505CAB78B1C}.Release|Any CPU.Build.0 = Release|Any CPU
		{CA1F0960-A65A-47B3-A3D9-4324D373A0C0}.Debug|Any CPU.ActiveCfg = Debug|Any CPU
		{CA1F0960-A65A-47B3-A3D9-4324D373A0C0}.Debug|Any CPU.Build.0 = Debug|Any CPU
		{CA1F0960-A65A-47B3-A3D9-4324D373A0C0}.Release|Any CPU.ActiveCfg = Release|Any CPU
		{CA1F0960-A65A-47B3-A3D9-4324D373A0C0}.Release|Any CPU.Build.0 = Release|Any CPU
		{DC6235EB-8240-41BB-9F2C-843D1808BD64}.Debug|Any CPU.ActiveCfg = Debug|Any CPU
		{DC6235EB-8240-41BB-9F2C-843D1808BD64}.Debug|Any CPU.Build.0 = Debug|Any CPU
		{DC6235EB-8240-41BB-9F2C-843D1808BD64}.Release|Any CPU.ActiveCfg = Release|Any CPU
		{DC6235EB-8240-41BB-9F2C-843D1808BD64}.Release|Any CPU.Build.0 = Release|Any CPU
		{C7B91200-2ADA-4730-9C23-CC8CE7944190}.Debug|Any CPU.ActiveCfg = Debug|Any CPU
		{C7B91200-2ADA-4730-9C23-CC8CE7944190}.Debug|Any CPU.Build.0 = Debug|Any CPU
		{C7B91200-2ADA-4730-9C23-CC8CE7944190}.Release|Any CPU.ActiveCfg = Release|Any CPU
		{C7B91200-2ADA-4730-9C23-CC8CE7944190}.Release|Any CPU.Build.0 = Release|Any CPU
		{0F227DCA-70EF-4D8B-89D7-E2F4B6EE03EE}.Debug|Any CPU.ActiveCfg = Debug|Any CPU
		{0F227DCA-70EF-4D8B-89D7-E2F4B6EE03EE}.Debug|Any CPU.Build.0 = Debug|Any CPU
		{0F227DCA-70EF-4D8B-89D7-E2F4B6EE03EE}.Release|Any CPU.ActiveCfg = Release|Any CPU
		{0F227DCA-70EF-4D8B-89D7-E2F4B6EE03EE}.Release|Any CPU.Build.0 = Release|Any CPU
		{3EFF1D31-DE58-4AD1-A63D-178F5659F9F4}.Debug|Any CPU.ActiveCfg = Debug|Any CPU
		{3EFF1D31-DE58-4AD1-A63D-178F5659F9F4}.Debug|Any CPU.Build.0 = Debug|Any CPU
		{3EFF1D31-DE58-4AD1-A63D-178F5659F9F4}.Release|Any CPU.ActiveCfg = Release|Any CPU
		{3EFF1D31-DE58-4AD1-A63D-178F5659F9F4}.Release|Any CPU.Build.0 = Release|Any CPU
		{8A9AC56E-135D-48B0-8BDA-67CB26BDF01A}.Debug|Any CPU.ActiveCfg = Debug|Any CPU
		{8A9AC56E-135D-48B0-8BDA-67CB26BDF01A}.Debug|Any CPU.Build.0 = Debug|Any CPU
		{8A9AC56E-135D-48B0-8BDA-67CB26BDF01A}.Release|Any CPU.ActiveCfg = Release|Any CPU
		{8A9AC56E-135D-48B0-8BDA-67CB26BDF01A}.Release|Any CPU.Build.0 = Release|Any CPU
		{B116FD63-A4B1-4AEA-9D5D-3916B5452B26}.Debug|Any CPU.ActiveCfg = Debug|Any CPU
		{B116FD63-A4B1-4AEA-9D5D-3916B5452B26}.Debug|Any CPU.Build.0 = Debug|Any CPU
		{B116FD63-A4B1-4AEA-9D5D-3916B5452B26}.Release|Any CPU.ActiveCfg = Release|Any CPU
		{B116FD63-A4B1-4AEA-9D5D-3916B5452B26}.Release|Any CPU.Build.0 = Release|Any CPU
		{4D361427-2905-42B7-BB44-9C72CF6D9BF3}.Debug|Any CPU.ActiveCfg = Debug|Any CPU
		{4D361427-2905-42B7-BB44-9C72CF6D9BF3}.Debug|Any CPU.Build.0 = Debug|Any CPU
		{4D361427-2905-42B7-BB44-9C72CF6D9BF3}.Release|Any CPU.ActiveCfg = Release|Any CPU
		{4D361427-2905-42B7-BB44-9C72CF6D9BF3}.Release|Any CPU.Build.0 = Release|Any CPU
		{95E35DC0-2A61-4657-A2C4-C1BF47FCBFF5}.Debug|Any CPU.ActiveCfg = Debug|Any CPU
		{95E35DC0-2A61-4657-A2C4-C1BF47FCBFF5}.Debug|Any CPU.Build.0 = Debug|Any CPU
		{95E35DC0-2A61-4657-A2C4-C1BF47FCBFF5}.Release|Any CPU.ActiveCfg = Release|Any CPU
		{95E35DC0-2A61-4657-A2C4-C1BF47FCBFF5}.Release|Any CPU.Build.0 = Release|Any CPU
		{B0B7C629-8FD7-4D50-9E11-5A756DFB7652}.Debug|Any CPU.ActiveCfg = Debug|Any CPU
		{B0B7C629-8FD7-4D50-9E11-5A756DFB7652}.Debug|Any CPU.Build.0 = Debug|Any CPU
		{B0B7C629-8FD7-4D50-9E11-5A756DFB7652}.Release|Any CPU.ActiveCfg = Release|Any CPU
		{B0B7C629-8FD7-4D50-9E11-5A756DFB7652}.Release|Any CPU.Build.0 = Release|Any CPU
		{0DC85427-E0F5-43C2-B38F-20AF802203F9}.Debug|Any CPU.ActiveCfg = Debug|Any CPU
		{0DC85427-E0F5-43C2-B38F-20AF802203F9}.Debug|Any CPU.Build.0 = Debug|Any CPU
		{0DC85427-E0F5-43C2-B38F-20AF802203F9}.Release|Any CPU.ActiveCfg = Release|Any CPU
		{0DC85427-E0F5-43C2-B38F-20AF802203F9}.Release|Any CPU.Build.0 = Release|Any CPU
		{AE4DF020-6699-4A76-9E58-AAB5D54049DE}.Debug|Any CPU.ActiveCfg = Debug|Any CPU
		{AE4DF020-6699-4A76-9E58-AAB5D54049DE}.Debug|Any CPU.Build.0 = Debug|Any CPU
		{AE4DF020-6699-4A76-9E58-AAB5D54049DE}.Release|Any CPU.ActiveCfg = Release|Any CPU
		{AE4DF020-6699-4A76-9E58-AAB5D54049DE}.Release|Any CPU.Build.0 = Release|Any CPU
		{126B3CB5-73E4-490A-88D3-09EE9C60C9EB}.Debug|Any CPU.ActiveCfg = Debug|Any CPU
		{126B3CB5-73E4-490A-88D3-09EE9C60C9EB}.Debug|Any CPU.Build.0 = Debug|Any CPU
		{126B3CB5-73E4-490A-88D3-09EE9C60C9EB}.Release|Any CPU.ActiveCfg = Release|Any CPU
		{126B3CB5-73E4-490A-88D3-09EE9C60C9EB}.Release|Any CPU.Build.0 = Release|Any CPU
		{3F5263F0-76A9-4203-996E-88137447B7A2}.Debug|Any CPU.ActiveCfg = Debug|Any CPU
		{3F5263F0-76A9-4203-996E-88137447B7A2}.Debug|Any CPU.Build.0 = Debug|Any CPU
		{3F5263F0-76A9-4203-996E-88137447B7A2}.Release|Any CPU.ActiveCfg = Release|Any CPU
		{3F5263F0-76A9-4203-996E-88137447B7A2}.Release|Any CPU.Build.0 = Release|Any CPU
		{CCFC97B9-7D91-4E18-8841-686FDF11F010}.Debug|Any CPU.ActiveCfg = Debug|Any CPU
		{CCFC97B9-7D91-4E18-8841-686FDF11F010}.Debug|Any CPU.Build.0 = Debug|Any CPU
		{CCFC97B9-7D91-4E18-8841-686FDF11F010}.Release|Any CPU.ActiveCfg = Release|Any CPU
		{CCFC97B9-7D91-4E18-8841-686FDF11F010}.Release|Any CPU.Build.0 = Release|Any CPU
		{28486ADF-FD33-49DE-8411-CDA6F36FECB9}.Debug|Any CPU.ActiveCfg = Debug|Any CPU
		{28486ADF-FD33-49DE-8411-CDA6F36FECB9}.Debug|Any CPU.Build.0 = Debug|Any CPU
		{28486ADF-FD33-49DE-8411-CDA6F36FECB9}.Release|Any CPU.ActiveCfg = Release|Any CPU
		{28486ADF-FD33-49DE-8411-CDA6F36FECB9}.Release|Any CPU.Build.0 = Release|Any CPU
		{3251E51F-1C6E-44B8-9EF3-D4FDEC4B0EA8}.Debug|Any CPU.ActiveCfg = Debug|Any CPU
		{3251E51F-1C6E-44B8-9EF3-D4FDEC4B0EA8}.Debug|Any CPU.Build.0 = Debug|Any CPU
		{3251E51F-1C6E-44B8-9EF3-D4FDEC4B0EA8}.Release|Any CPU.ActiveCfg = Release|Any CPU
		{3251E51F-1C6E-44B8-9EF3-D4FDEC4B0EA8}.Release|Any CPU.Build.0 = Release|Any CPU
		{FA615283-007D-4E90-AB10-6132A5E79EDD}.Debug|Any CPU.ActiveCfg = Debug|Any CPU
		{FA615283-007D-4E90-AB10-6132A5E79EDD}.Debug|Any CPU.Build.0 = Debug|Any CPU
		{FA615283-007D-4E90-AB10-6132A5E79EDD}.Release|Any CPU.ActiveCfg = Release|Any CPU
		{FA615283-007D-4E90-AB10-6132A5E79EDD}.Release|Any CPU.Build.0 = Release|Any CPU
		{1A662E7D-986F-4A8F-A0ED-807A4C139816}.Debug|Any CPU.ActiveCfg = Debug|Any CPU
		{1A662E7D-986F-4A8F-A0ED-807A4C139816}.Debug|Any CPU.Build.0 = Debug|Any CPU
		{1A662E7D-986F-4A8F-A0ED-807A4C139816}.Release|Any CPU.ActiveCfg = Release|Any CPU
		{1A662E7D-986F-4A8F-A0ED-807A4C139816}.Release|Any CPU.Build.0 = Release|Any CPU
		{349435E2-DE07-4757-83A7-F8A21F237760}.Debug|Any CPU.ActiveCfg = Debug|Any CPU
		{349435E2-DE07-4757-83A7-F8A21F237760}.Debug|Any CPU.Build.0 = Debug|Any CPU
		{349435E2-DE07-4757-83A7-F8A21F237760}.Release|Any CPU.ActiveCfg = Release|Any CPU
		{349435E2-DE07-4757-83A7-F8A21F237760}.Release|Any CPU.Build.0 = Release|Any CPU
		{175EAF39-F0E9-412F-B731-36EA9A704AB7}.Debug|Any CPU.ActiveCfg = Debug|Any CPU
		{175EAF39-F0E9-412F-B731-36EA9A704AB7}.Debug|Any CPU.Build.0 = Debug|Any CPU
		{175EAF39-F0E9-412F-B731-36EA9A704AB7}.Release|Any CPU.ActiveCfg = Release|Any CPU
		{175EAF39-F0E9-412F-B731-36EA9A704AB7}.Release|Any CPU.Build.0 = Release|Any CPU
		{CA691EBC-6462-4054-917D-9C8A683EEC85}.Debug|Any CPU.ActiveCfg = Debug|Any CPU
		{CA691EBC-6462-4054-917D-9C8A683EEC85}.Debug|Any CPU.Build.0 = Debug|Any CPU
		{CA691EBC-6462-4054-917D-9C8A683EEC85}.Release|Any CPU.ActiveCfg = Release|Any CPU
		{CA691EBC-6462-4054-917D-9C8A683EEC85}.Release|Any CPU.Build.0 = Release|Any CPU
		{B654D339-8670-4653-B468-EC2D601BA2BB}.Debug|Any CPU.ActiveCfg = Debug|Any CPU
		{B654D339-8670-4653-B468-EC2D601BA2BB}.Debug|Any CPU.Build.0 = Debug|Any CPU
		{B654D339-8670-4653-B468-EC2D601BA2BB}.Release|Any CPU.ActiveCfg = Release|Any CPU
		{B654D339-8670-4653-B468-EC2D601BA2BB}.Release|Any CPU.Build.0 = Release|Any CPU
		{E310186B-6580-4115-B19A-04550561579B}.Debug|Any CPU.ActiveCfg = Debug|Any CPU
		{E310186B-6580-4115-B19A-04550561579B}.Debug|Any CPU.Build.0 = Debug|Any CPU
		{E310186B-6580-4115-B19A-04550561579B}.Release|Any CPU.ActiveCfg = Release|Any CPU
		{E310186B-6580-4115-B19A-04550561579B}.Release|Any CPU.Build.0 = Release|Any CPU
		{320EC934-3C89-4A76-A95D-916785C86062}.Debug|Any CPU.ActiveCfg = Debug|Any CPU
		{320EC934-3C89-4A76-A95D-916785C86062}.Debug|Any CPU.Build.0 = Debug|Any CPU
		{320EC934-3C89-4A76-A95D-916785C86062}.Release|Any CPU.ActiveCfg = Release|Any CPU
		{320EC934-3C89-4A76-A95D-916785C86062}.Release|Any CPU.Build.0 = Release|Any CPU
		{2C82D3F0-4EEB-4621-938F-696949D67642}.Debug|Any CPU.ActiveCfg = Debug|Any CPU
		{2C82D3F0-4EEB-4621-938F-696949D67642}.Debug|Any CPU.Build.0 = Debug|Any CPU
		{2C82D3F0-4EEB-4621-938F-696949D67642}.Release|Any CPU.ActiveCfg = Release|Any CPU
		{2C82D3F0-4EEB-4621-938F-696949D67642}.Release|Any CPU.Build.0 = Release|Any CPU
		{8F556AEF-8D27-4C01-87F8-8960C9B5BF99}.Debug|Any CPU.ActiveCfg = Debug|Any CPU
		{8F556AEF-8D27-4C01-87F8-8960C9B5BF99}.Debug|Any CPU.Build.0 = Debug|Any CPU
		{8F556AEF-8D27-4C01-87F8-8960C9B5BF99}.Release|Any CPU.ActiveCfg = Release|Any CPU
		{8F556AEF-8D27-4C01-87F8-8960C9B5BF99}.Release|Any CPU.Build.0 = Release|Any CPU
		{C1B2E5C2-9FDD-4E40-AAAF-DE39E8F42D8D}.Debug|Any CPU.ActiveCfg = Debug|Any CPU
		{C1B2E5C2-9FDD-4E40-AAAF-DE39E8F42D8D}.Debug|Any CPU.Build.0 = Debug|Any CPU
		{C1B2E5C2-9FDD-4E40-AAAF-DE39E8F42D8D}.Release|Any CPU.ActiveCfg = Release|Any CPU
		{C1B2E5C2-9FDD-4E40-AAAF-DE39E8F42D8D}.Release|Any CPU.Build.0 = Release|Any CPU
		{1A580F2D-BDF5-4DA8-9DEF-201749791DC1}.Debug|Any CPU.ActiveCfg = Debug|Any CPU
		{1A580F2D-BDF5-4DA8-9DEF-201749791DC1}.Debug|Any CPU.Build.0 = Debug|Any CPU
		{1A580F2D-BDF5-4DA8-9DEF-201749791DC1}.Release|Any CPU.ActiveCfg = Release|Any CPU
		{1A580F2D-BDF5-4DA8-9DEF-201749791DC1}.Release|Any CPU.Build.0 = Release|Any CPU
		{3181097B-4B57-4073-B05D-85D5E6F36BDC}.Debug|Any CPU.ActiveCfg = Debug|Any CPU
		{3181097B-4B57-4073-B05D-85D5E6F36BDC}.Debug|Any CPU.Build.0 = Debug|Any CPU
		{3181097B-4B57-4073-B05D-85D5E6F36BDC}.Release|Any CPU.ActiveCfg = Release|Any CPU
		{3181097B-4B57-4073-B05D-85D5E6F36BDC}.Release|Any CPU.Build.0 = Release|Any CPU
		{969E043B-20E5-458F-8FDD-408010E624E9}.Debug|Any CPU.ActiveCfg = Debug|Any CPU
		{969E043B-20E5-458F-8FDD-408010E624E9}.Debug|Any CPU.Build.0 = Debug|Any CPU
		{969E043B-20E5-458F-8FDD-408010E624E9}.Release|Any CPU.ActiveCfg = Release|Any CPU
		{969E043B-20E5-458F-8FDD-408010E624E9}.Release|Any CPU.Build.0 = Release|Any CPU
		{F04E0444-5613-466E-8413-CC5C3C3CF161}.Debug|Any CPU.ActiveCfg = Debug|Any CPU
		{F04E0444-5613-466E-8413-CC5C3C3CF161}.Debug|Any CPU.Build.0 = Debug|Any CPU
		{F04E0444-5613-466E-8413-CC5C3C3CF161}.Release|Any CPU.ActiveCfg = Release|Any CPU
		{F04E0444-5613-466E-8413-CC5C3C3CF161}.Release|Any CPU.Build.0 = Release|Any CPU
		{7A2DFCD2-A8CD-4B1A-ADB8-C9F38E6F9FD6}.Debug|Any CPU.ActiveCfg = Debug|Any CPU
		{7A2DFCD2-A8CD-4B1A-ADB8-C9F38E6F9FD6}.Debug|Any CPU.Build.0 = Debug|Any CPU
		{7A2DFCD2-A8CD-4B1A-ADB8-C9F38E6F9FD6}.Release|Any CPU.ActiveCfg = Release|Any CPU
		{7A2DFCD2-A8CD-4B1A-ADB8-C9F38E6F9FD6}.Release|Any CPU.Build.0 = Release|Any CPU
		{5B5F46E8-4070-478D-8795-12F1703319F6}.Debug|Any CPU.ActiveCfg = Debug|Any CPU
		{5B5F46E8-4070-478D-8795-12F1703319F6}.Debug|Any CPU.Build.0 = Debug|Any CPU
		{5B5F46E8-4070-478D-8795-12F1703319F6}.Release|Any CPU.ActiveCfg = Release|Any CPU
		{5B5F46E8-4070-478D-8795-12F1703319F6}.Release|Any CPU.Build.0 = Release|Any CPU
		{F7186F4F-E26A-440C-8442-F817519ED3D7}.Debug|Any CPU.ActiveCfg = Debug|Any CPU
		{F7186F4F-E26A-440C-8442-F817519ED3D7}.Debug|Any CPU.Build.0 = Debug|Any CPU
		{F7186F4F-E26A-440C-8442-F817519ED3D7}.Release|Any CPU.ActiveCfg = Release|Any CPU
		{F7186F4F-E26A-440C-8442-F817519ED3D7}.Release|Any CPU.Build.0 = Release|Any CPU
		{6E622CDE-97F7-44EB-9CA6-FF767C275F1E}.Debug|Any CPU.ActiveCfg = Debug|Any CPU
		{6E622CDE-97F7-44EB-9CA6-FF767C275F1E}.Debug|Any CPU.Build.0 = Debug|Any CPU
		{6E622CDE-97F7-44EB-9CA6-FF767C275F1E}.Release|Any CPU.ActiveCfg = Release|Any CPU
		{6E622CDE-97F7-44EB-9CA6-FF767C275F1E}.Release|Any CPU.Build.0 = Release|Any CPU
		{66E7797D-CA9A-4EC1-A8CC-AA1A1A86F4CA}.Debug|Any CPU.ActiveCfg = Debug|Any CPU
		{66E7797D-CA9A-4EC1-A8CC-AA1A1A86F4CA}.Debug|Any CPU.Build.0 = Debug|Any CPU
		{66E7797D-CA9A-4EC1-A8CC-AA1A1A86F4CA}.Release|Any CPU.ActiveCfg = Release|Any CPU
		{66E7797D-CA9A-4EC1-A8CC-AA1A1A86F4CA}.Release|Any CPU.Build.0 = Release|Any CPU
		{88EF925B-E215-4EAE-8370-933F295799D5}.Debug|Any CPU.ActiveCfg = Debug|Any CPU
		{88EF925B-E215-4EAE-8370-933F295799D5}.Debug|Any CPU.Build.0 = Debug|Any CPU
		{88EF925B-E215-4EAE-8370-933F295799D5}.Release|Any CPU.ActiveCfg = Release|Any CPU
		{88EF925B-E215-4EAE-8370-933F295799D5}.Release|Any CPU.Build.0 = Release|Any CPU
		{26464AF8-50F9-4A6B-A03E-402DF74B070A}.Debug|Any CPU.ActiveCfg = Debug|Any CPU
		{26464AF8-50F9-4A6B-A03E-402DF74B070A}.Debug|Any CPU.Build.0 = Debug|Any CPU
		{26464AF8-50F9-4A6B-A03E-402DF74B070A}.Release|Any CPU.ActiveCfg = Release|Any CPU
		{26464AF8-50F9-4A6B-A03E-402DF74B070A}.Release|Any CPU.Build.0 = Release|Any CPU
		{288CF2B9-14B5-4CA6-A954-BBE49D82E78B}.Debug|Any CPU.ActiveCfg = Debug|Any CPU
		{288CF2B9-14B5-4CA6-A954-BBE49D82E78B}.Debug|Any CPU.Build.0 = Debug|Any CPU
		{288CF2B9-14B5-4CA6-A954-BBE49D82E78B}.Release|Any CPU.ActiveCfg = Release|Any CPU
		{288CF2B9-14B5-4CA6-A954-BBE49D82E78B}.Release|Any CPU.Build.0 = Release|Any CPU
		{BC53EE45-A203-4A90-A777-5927CB7C5093}.Debug|Any CPU.ActiveCfg = Debug|Any CPU
		{BC53EE45-A203-4A90-A777-5927CB7C5093}.Debug|Any CPU.Build.0 = Debug|Any CPU
		{BC53EE45-A203-4A90-A777-5927CB7C5093}.Release|Any CPU.ActiveCfg = Release|Any CPU
		{BC53EE45-A203-4A90-A777-5927CB7C5093}.Release|Any CPU.Build.0 = Release|Any CPU
		{E51E26B9-F4D3-4EBA-ABEA-DF6B2E05F52E}.Debug|Any CPU.ActiveCfg = Debug|Any CPU
		{E51E26B9-F4D3-4EBA-ABEA-DF6B2E05F52E}.Debug|Any CPU.Build.0 = Debug|Any CPU
		{E51E26B9-F4D3-4EBA-ABEA-DF6B2E05F52E}.Release|Any CPU.ActiveCfg = Release|Any CPU
		{E51E26B9-F4D3-4EBA-ABEA-DF6B2E05F52E}.Release|Any CPU.Build.0 = Release|Any CPU
		{ABAC1F86-088D-4FC0-BEB1-686725EFE307}.Debug|Any CPU.ActiveCfg = Debug|Any CPU
		{ABAC1F86-088D-4FC0-BEB1-686725EFE307}.Debug|Any CPU.Build.0 = Debug|Any CPU
		{ABAC1F86-088D-4FC0-BEB1-686725EFE307}.Release|Any CPU.ActiveCfg = Release|Any CPU
		{ABAC1F86-088D-4FC0-BEB1-686725EFE307}.Release|Any CPU.Build.0 = Release|Any CPU
		{F0DEA695-F80E-4BF2-B9C3-63A7ED92C357}.Debug|Any CPU.ActiveCfg = Debug|Any CPU
		{F0DEA695-F80E-4BF2-B9C3-63A7ED92C357}.Debug|Any CPU.Build.0 = Debug|Any CPU
		{F0DEA695-F80E-4BF2-B9C3-63A7ED92C357}.Release|Any CPU.ActiveCfg = Release|Any CPU
		{F0DEA695-F80E-4BF2-B9C3-63A7ED92C357}.Release|Any CPU.Build.0 = Release|Any CPU
		{49A5E8EF-B0BF-4D0E-A77B-8F119CA5FDBD}.Debug|Any CPU.ActiveCfg = Debug|Any CPU
		{49A5E8EF-B0BF-4D0E-A77B-8F119CA5FDBD}.Debug|Any CPU.Build.0 = Debug|Any CPU
		{49A5E8EF-B0BF-4D0E-A77B-8F119CA5FDBD}.Release|Any CPU.ActiveCfg = Release|Any CPU
		{49A5E8EF-B0BF-4D0E-A77B-8F119CA5FDBD}.Release|Any CPU.Build.0 = Release|Any CPU
		{A5529E17-D7D5-4CBD-A15D-36B1A0DFBECF}.Debug|Any CPU.ActiveCfg = Debug|Any CPU
		{A5529E17-D7D5-4CBD-A15D-36B1A0DFBECF}.Debug|Any CPU.Build.0 = Debug|Any CPU
		{A5529E17-D7D5-4CBD-A15D-36B1A0DFBECF}.Release|Any CPU.ActiveCfg = Release|Any CPU
		{A5529E17-D7D5-4CBD-A15D-36B1A0DFBECF}.Release|Any CPU.Build.0 = Release|Any CPU
		{528741C7-5A57-46A7-BAF1-C7F0296A55A7}.Debug|Any CPU.ActiveCfg = Debug|Any CPU
		{528741C7-5A57-46A7-BAF1-C7F0296A55A7}.Debug|Any CPU.Build.0 = Debug|Any CPU
		{528741C7-5A57-46A7-BAF1-C7F0296A55A7}.Release|Any CPU.ActiveCfg = Release|Any CPU
		{528741C7-5A57-46A7-BAF1-C7F0296A55A7}.Release|Any CPU.Build.0 = Release|Any CPU
		{C7A6C205-E02F-4D6B-B7E8-DFF4C2EB4885}.Debug|Any CPU.ActiveCfg = Debug|Any CPU
		{C7A6C205-E02F-4D6B-B7E8-DFF4C2EB4885}.Debug|Any CPU.Build.0 = Debug|Any CPU
		{C7A6C205-E02F-4D6B-B7E8-DFF4C2EB4885}.Release|Any CPU.ActiveCfg = Release|Any CPU
		{C7A6C205-E02F-4D6B-B7E8-DFF4C2EB4885}.Release|Any CPU.Build.0 = Release|Any CPU
		{BBC4D549-6B19-4A11-863D-B3B4A67B6FFF}.Debug|Any CPU.ActiveCfg = Debug|Any CPU
		{BBC4D549-6B19-4A11-863D-B3B4A67B6FFF}.Debug|Any CPU.Build.0 = Debug|Any CPU
		{BBC4D549-6B19-4A11-863D-B3B4A67B6FFF}.Release|Any CPU.ActiveCfg = Release|Any CPU
		{BBC4D549-6B19-4A11-863D-B3B4A67B6FFF}.Release|Any CPU.Build.0 = Release|Any CPU
		{5090163A-B91D-449A-9215-C56177250875}.Debug|Any CPU.ActiveCfg = Debug|Any CPU
		{5090163A-B91D-449A-9215-C56177250875}.Debug|Any CPU.Build.0 = Debug|Any CPU
		{5090163A-B91D-449A-9215-C56177250875}.Release|Any CPU.ActiveCfg = Release|Any CPU
		{5090163A-B91D-449A-9215-C56177250875}.Release|Any CPU.Build.0 = Release|Any CPU
		{7691B70A-DEEF-4C7B-905C-776E340BB31B}.Debug|Any CPU.ActiveCfg = Debug|Any CPU
		{7691B70A-DEEF-4C7B-905C-776E340BB31B}.Debug|Any CPU.Build.0 = Debug|Any CPU
		{7691B70A-DEEF-4C7B-905C-776E340BB31B}.Release|Any CPU.ActiveCfg = Release|Any CPU
		{7691B70A-DEEF-4C7B-905C-776E340BB31B}.Release|Any CPU.Build.0 = Release|Any CPU
		{2A2995EB-0DED-420C-8EE6-E41F54212391}.Debug|Any CPU.ActiveCfg = Debug|Any CPU
		{2A2995EB-0DED-420C-8EE6-E41F54212391}.Debug|Any CPU.Build.0 = Debug|Any CPU
		{2A2995EB-0DED-420C-8EE6-E41F54212391}.Release|Any CPU.ActiveCfg = Release|Any CPU
		{2A2995EB-0DED-420C-8EE6-E41F54212391}.Release|Any CPU.Build.0 = Release|Any CPU
		{E56F81DD-74D0-46AE-AC70-156B92C21C7E}.Debug|Any CPU.ActiveCfg = Debug|Any CPU
		{E56F81DD-74D0-46AE-AC70-156B92C21C7E}.Debug|Any CPU.Build.0 = Debug|Any CPU
		{E56F81DD-74D0-46AE-AC70-156B92C21C7E}.Release|Any CPU.ActiveCfg = Release|Any CPU
		{E56F81DD-74D0-46AE-AC70-156B92C21C7E}.Release|Any CPU.Build.0 = Release|Any CPU
		{118D081C-B022-4CCB-81AA-5A42DFD663AD}.Debug|Any CPU.ActiveCfg = Debug|Any CPU
		{118D081C-B022-4CCB-81AA-5A42DFD663AD}.Debug|Any CPU.Build.0 = Debug|Any CPU
		{118D081C-B022-4CCB-81AA-5A42DFD663AD}.Release|Any CPU.ActiveCfg = Release|Any CPU
		{118D081C-B022-4CCB-81AA-5A42DFD663AD}.Release|Any CPU.Build.0 = Release|Any CPU
		{0814DF64-D6DE-4BB4-98B2-15D31ECFE668}.Debug|Any CPU.ActiveCfg = Debug|Any CPU
		{0814DF64-D6DE-4BB4-98B2-15D31ECFE668}.Debug|Any CPU.Build.0 = Debug|Any CPU
		{0814DF64-D6DE-4BB4-98B2-15D31ECFE668}.Release|Any CPU.ActiveCfg = Release|Any CPU
		{0814DF64-D6DE-4BB4-98B2-15D31ECFE668}.Release|Any CPU.Build.0 = Release|Any CPU
		{E7B04FB6-4B1F-45D4-B9D0-F91C2085EA45}.Debug|Any CPU.ActiveCfg = Debug|Any CPU
		{E7B04FB6-4B1F-45D4-B9D0-F91C2085EA45}.Debug|Any CPU.Build.0 = Debug|Any CPU
		{E7B04FB6-4B1F-45D4-B9D0-F91C2085EA45}.Release|Any CPU.ActiveCfg = Release|Any CPU
		{E7B04FB6-4B1F-45D4-B9D0-F91C2085EA45}.Release|Any CPU.Build.0 = Release|Any CPU
		{109D0299-898F-491A-BAE3-089A38147FC7}.Debug|Any CPU.ActiveCfg = Debug|Any CPU
		{109D0299-898F-491A-BAE3-089A38147FC7}.Debug|Any CPU.Build.0 = Debug|Any CPU
		{109D0299-898F-491A-BAE3-089A38147FC7}.Release|Any CPU.ActiveCfg = Release|Any CPU
		{109D0299-898F-491A-BAE3-089A38147FC7}.Release|Any CPU.Build.0 = Release|Any CPU
		{0BC02B76-6FFF-4078-8EE7-40014BBEFBC3}.Debug|Any CPU.ActiveCfg = Debug|Any CPU
		{0BC02B76-6FFF-4078-8EE7-40014BBEFBC3}.Debug|Any CPU.Build.0 = Debug|Any CPU
		{0BC02B76-6FFF-4078-8EE7-40014BBEFBC3}.Release|Any CPU.ActiveCfg = Release|Any CPU
		{0BC02B76-6FFF-4078-8EE7-40014BBEFBC3}.Release|Any CPU.Build.0 = Release|Any CPU
		{08A3DA7E-2859-43F8-9B92-033B101C7F3B}.Debug|Any CPU.ActiveCfg = Debug|Any CPU
		{08A3DA7E-2859-43F8-9B92-033B101C7F3B}.Debug|Any CPU.Build.0 = Debug|Any CPU
		{08A3DA7E-2859-43F8-9B92-033B101C7F3B}.Release|Any CPU.ActiveCfg = Release|Any CPU
		{08A3DA7E-2859-43F8-9B92-033B101C7F3B}.Release|Any CPU.Build.0 = Release|Any CPU
		{0A97E6E7-2B6D-4287-A0A5-B17191CE2098}.Debug|Any CPU.ActiveCfg = Debug|Any CPU
		{0A97E6E7-2B6D-4287-A0A5-B17191CE2098}.Debug|Any CPU.Build.0 = Debug|Any CPU
		{0A97E6E7-2B6D-4287-A0A5-B17191CE2098}.Release|Any CPU.ActiveCfg = Release|Any CPU
		{0A97E6E7-2B6D-4287-A0A5-B17191CE2098}.Release|Any CPU.Build.0 = Release|Any CPU
		{BF924C37-6688-4D36-9935-F22FE35C1E33}.Debug|Any CPU.ActiveCfg = Debug|Any CPU
		{BF924C37-6688-4D36-9935-F22FE35C1E33}.Debug|Any CPU.Build.0 = Debug|Any CPU
		{BF924C37-6688-4D36-9935-F22FE35C1E33}.Release|Any CPU.ActiveCfg = Release|Any CPU
		{BF924C37-6688-4D36-9935-F22FE35C1E33}.Release|Any CPU.Build.0 = Release|Any CPU
		{898B917A-6551-4A98-B459-7D07451C0C03}.Debug|Any CPU.ActiveCfg = Debug|Any CPU
		{898B917A-6551-4A98-B459-7D07451C0C03}.Debug|Any CPU.Build.0 = Debug|Any CPU
		{898B917A-6551-4A98-B459-7D07451C0C03}.Release|Any CPU.ActiveCfg = Release|Any CPU
		{898B917A-6551-4A98-B459-7D07451C0C03}.Release|Any CPU.Build.0 = Release|Any CPU
		{5EDF82CC-A09A-44B0-8276-6635390FB402}.Debug|Any CPU.ActiveCfg = Debug|Any CPU
		{5EDF82CC-A09A-44B0-8276-6635390FB402}.Debug|Any CPU.Build.0 = Debug|Any CPU
		{5EDF82CC-A09A-44B0-8276-6635390FB402}.Release|Any CPU.ActiveCfg = Release|Any CPU
		{5EDF82CC-A09A-44B0-8276-6635390FB402}.Release|Any CPU.Build.0 = Release|Any CPU
		{815B0237-BBF3-4A2D-BC91-8BE4A1EA14CA}.Debug|Any CPU.ActiveCfg = Debug|Any CPU
		{815B0237-BBF3-4A2D-BC91-8BE4A1EA14CA}.Debug|Any CPU.Build.0 = Debug|Any CPU
		{815B0237-BBF3-4A2D-BC91-8BE4A1EA14CA}.Release|Any CPU.ActiveCfg = Release|Any CPU
		{815B0237-BBF3-4A2D-BC91-8BE4A1EA14CA}.Release|Any CPU.Build.0 = Release|Any CPU
	EndGlobalSection
	GlobalSection(SolutionProperties) = preSolution
		HideSolutionNode = FALSE
	EndGlobalSection
	GlobalSection(NestedProjects) = preSolution
		{1147860A-DDB7-4481-944E-157468AA98D0} = {EBB760A5-2491-42E8-9528-5662C07540DF}
		{E3B31337-0966-44B9-B9E2-E3D7CAFE98FF} = {22EE035B-72C1-4B5F-98B8-DD6E669E9722}
		{B9E00C83-7250-4514-B4DF-7004529146C5} = {6197F566-EDCC-4082-8DDD-B065F2966ACE}
		{96442754-E965-4D55-8926-9C6AB2CB1CA5} = {67188F6A-6CCB-4826-831C-6EC03520A24B}
		{41D9ABB3-D860-4992-B64E-1774073C441F} = {FF7514EA-81AB-47CF-B63A-5251A82EB390}
		{925A63F4-82A9-458A-BFF2-66C18F3A180D} = {32B2F416-28F7-47D2-AC85-576366248ACC}
		{F76D2389-C1A8-43B3-A508-8D625728D263} = {2C7D9648-83E4-4B54-8F96-B89DEC827973}
		{B12ADD73-267E-44C5-99B4-80A1042DA7AB} = {06837DED-50AF-47DC-B29C-67C6BDDF0E7C}
		{5A9E734F-9C4D-4151-849A-C61B9F608D24} = {90954D1F-2443-4C19-B589-FD94315235D8}
		{92AAD5F7-253B-486E-A09E-4D70E3B97C33} = {EF1524E1-6B9D-4C24-BD62-61402386E997}
		{96354AE7-6F1E-4534-89F7-2BEC1C45E9C2} = {C5A55768-93E7-495C-A632-348C586A45B0}
		{5E35E889-FFD3-43A1-889F-BEF0F0E45066} = {99DD39E2-A5C4-4DEE-BA34-3A1DC4DF0E3C}
		{CC4B3EC1-639F-4579-B73F-5EB48C84CB62} = {3DE19D99-B406-4186-9DBA-2209E28F69D2}
		{CA1F0960-A65A-47B3-A3D9-4324D373A0C0} = {5BD7F1E5-1753-4014-B2B1-0E1C39413000}
		{DC6235EB-8240-41BB-9F2C-843D1808BD64} = {B8E00F09-B688-4770-917A-CA2E230847D6}
		{C7B91200-2ADA-4730-9C23-CC8CE7944190} = {E4E9983F-3A53-4CBC-A16F-E425C249CD1E}
		{0F227DCA-70EF-4D8B-89D7-E2F4B6EE03EE} = {9D30B591-05BD-429D-A247-CB4898466909}
		{3EFF1D31-DE58-4AD1-A63D-178F5659F9F4} = {83AEE33F-CEF3-4B5C-9B41-73878698F1BF}
		{B116FD63-A4B1-4AEA-9D5D-3916B5452B26} = {A5766A0B-451F-4A35-9C1F-698813F26F33}
		{4D361427-2905-42B7-BB44-9C72CF6D9BF3} = {29AF216E-E5DB-4956-A239-F465FBDF15B6}
		{95E35DC0-2A61-4657-A2C4-C1BF47FCBFF5} = {390C1AEC-3860-4BCD-93E5-6931BD125F4A}
		{B0B7C629-8FD7-4D50-9E11-5A756DFB7652} = {83D7A569-B937-4CF9-A6FC-8F5A173381BC}
		{0DC85427-E0F5-43C2-B38F-20AF802203F9} = {711F7C98-4AFA-4CF5-9F7F-C8BF8253C49C}
		{126B3CB5-73E4-490A-88D3-09EE9C60C9EB} = {031A357F-2B67-496F-92FD-26E84E98A3C5}
		{3F5263F0-76A9-4203-996E-88137447B7A2} = {E8AE9A36-A008-4438-9777-DF2FC50BAD31}
		{CCFC97B9-7D91-4E18-8841-686FDF11F010} = {A0534700-B89C-410B-B4BE-61164B44F0C0}
		{28486ADF-FD33-49DE-8411-CDA6F36FECB9} = {CA4B2E04-9F02-48BA-84D8-67FBEF5D34B2}
		{3251E51F-1C6E-44B8-9EF3-D4FDEC4B0EA8} = {157B3791-3DEC-4C4E-BCF8-F9CD7B8523DC}
		{FA615283-007D-4E90-AB10-6132A5E79EDD} = {597F41C2-221B-4815-8D91-35592121B2B8}
		{1A662E7D-986F-4A8F-A0ED-807A4C139816} = {01DC9683-2154-462C-89F3-34D84CD6262D}
		{349435E2-DE07-4757-83A7-F8A21F237760} = {384B8975-0518-4DF7-9F55-87F117AF42AB}
		{175EAF39-F0E9-412F-B731-36EA9A704AB7} = {66FEA6BD-1283-4B13-B601-C78122F57E93}
		{CA691EBC-6462-4054-917D-9C8A683EEC85} = {A426B084-BE2A-434E-9ECB-A5DD7C6F51FE}
		{B654D339-8670-4653-B468-EC2D601BA2BB} = {123C8F30-4FA9-4179-A2DE-9CCADA8755ED}
		{E310186B-6580-4115-B19A-04550561579B} = {3693B4EF-5C22-48B8-AC14-6E596B34F0D9}
		{320EC934-3C89-4A76-A95D-916785C86062} = {90954D1F-2443-4C19-B589-FD94315235D8}
		{2C82D3F0-4EEB-4621-938F-696949D67642} = {97EB16D3-2CF4-49D8-A706-8ED3F796F42A}
		{8F556AEF-8D27-4C01-87F8-8960C9B5BF99} = {09E7D4DA-0F62-42D5-956E-CE12A504D3F1}
		{C1B2E5C2-9FDD-4E40-AAAF-DE39E8F42D8D} = {651A78CA-EFDF-462F-9D9A-7C567CEB024E}
		{1A580F2D-BDF5-4DA8-9DEF-201749791DC1} = {07BB8C96-4108-470D-AB3D-8CA1208D54F6}
		{3181097B-4B57-4073-B05D-85D5E6F36BDC} = {0F2FF890-DC05-4928-9504-4C8B9BCFF97A}
		{969E043B-20E5-458F-8FDD-408010E624E9} = {75F3576D-7666-467B-B729-04121556674F}
		{7A2DFCD2-A8CD-4B1A-ADB8-C9F38E6F9FD6} = {125A61B0-836B-4E6A-9D61-888EC7321166}
		{5B5F46E8-4070-478D-8795-12F1703319F6} = {143CA37F-5FC1-4A09-8C0B-5A6E8FB4E63B}
		{F7186F4F-E26A-440C-8442-F817519ED3D7} = {6107F16F-48A0-40A6-B1B3-B8DF8FDBC19E}
		{6E622CDE-97F7-44EB-9CA6-FF767C275F1E} = {BE6D495C-3D3D-4D0C-9A18-61B55AC6C911}
		{66E7797D-CA9A-4EC1-A8CC-AA1A1A86F4CA} = {165C254F-A32C-4E27-885F-636D2782AF6A}
		{88EF925B-E215-4EAE-8370-933F295799D5} = {8FF3EA19-B713-4665-818E-694D8299D4FD}
		{26464AF8-50F9-4A6B-A03E-402DF74B070A} = {FB519494-71D2-428F-A41E-4785D89866BC}
		{288CF2B9-14B5-4CA6-A954-BBE49D82E78B} = {C1E4661E-CE5E-4F05-862D-E8CB6FC2F56C}
		{BC53EE45-A203-4A90-A777-5927CB7C5093} = {22756AA0-AFA1-4DEF-8290-CEA084F032F8}
		{E51E26B9-F4D3-4EBA-ABEA-DF6B2E05F52E} = {9E2514AE-43A2-4FE8-B462-0B44EADF07BC}
		{ABAC1F86-088D-4FC0-BEB1-686725EFE307} = {41A6329F-8DF7-4FD2-B0AA-D6FD1D6ED426}
		{F0DEA695-F80E-4BF2-B9C3-63A7ED92C357} = {EC9F5F27-69C1-435F-BE66-6832A41BAF79}
		{49A5E8EF-B0BF-4D0E-A77B-8F119CA5FDBD} = {17F78910-F419-4440-BB80-6C692A1126F8}
		{A5529E17-D7D5-4CBD-A15D-36B1A0DFBECF} = {9C7BE93A-125C-4C6A-994E-FE932515A245}
		{528741C7-5A57-46A7-BAF1-C7F0296A55A7} = {A34FBB17-6E31-436A-B6C6-F547334409A0}
		{C7A6C205-E02F-4D6B-B7E8-DFF4C2EB4885} = {58BD50C8-A006-4BA5-99E7-DAB304704320}
		{BBC4D549-6B19-4A11-863D-B3B4A67B6FFF} = {F27DF7E3-2C04-4773-A03B-CC5E440F9400}
		{5090163A-B91D-449A-9215-C56177250875} = {DE260B75-F248-4377-A7F7-367F2F3FF202}
		{7691B70A-DEEF-4C7B-905C-776E340BB31B} = {2230217C-0220-4B3A-B7E6-828ABA4D7C8F}
		{2A2995EB-0DED-420C-8EE6-E41F54212391} = {2CA3FFBE-F3E9-433D-99DD-BEA43481B321}
		{E56F81DD-74D0-46AE-AC70-156B92C21C7E} = {15F410A1-9BA9-4584-BD8E-DFF41AEAAB06}
		{118D081C-B022-4CCB-81AA-5A42DFD663AD} = {0CE1D9E1-164F-48D3-ACDE-7529993A4920}
		{0814DF64-D6DE-4BB4-98B2-15D31ECFE668} = {31420B82-4D3F-4656-91D8-F3B50F536ECA}
		{E7B04FB6-4B1F-45D4-B9D0-F91C2085EA45} = {B9C8BB4C-DE8F-4F08-9862-92D91635AE33}
		{109D0299-898F-491A-BAE3-089A38147FC7} = {9F6B43D0-4BF4-41BA-93E1-A4E2B83FEF8D}
		{0BC02B76-6FFF-4078-8EE7-40014BBEFBC3} = {9502E1B5-2E27-40D2-A215-B452E75CE127}
		{08A3DA7E-2859-43F8-9B92-033B101C7F3B} = {6F0190C6-4FAA-490D-AFB0-D8EB452F679B}
		{0A97E6E7-2B6D-4287-A0A5-B17191CE2098} = {7930585A-C4E2-4407-83E5-80F20CDAC8FE}
		{BF924C37-6688-4D36-9935-F22FE35C1E33} = {71F78A62-3F6C-4DDB-8477-5B17EF0E8170}
		{898B917A-6551-4A98-B459-7D07451C0C03} = {26D53270-1446-4F9A-A608-95D8BE97DE8C}
		{5EDF82CC-A09A-44B0-8276-6635390FB402} = {DDA4AA31-3EF8-46E8-A644-8AE017579D97}
		{815B0237-BBF3-4A2D-BC91-8BE4A1EA14CA} = {3670B0F2-662E-40D0-B219-7A0E42E68552}
	EndGlobalSection
	GlobalSection(ExtensibilityGlobals) = postSolution
		SolutionGuid = {0912DF4F-034F-41FD-94F4-BAB7EA6EA1E1}
	EndGlobalSection
EndGlobal
